<?xml version="1.0" encoding="utf-8"?>
<Project ToolsVersion="4.0" xmlns="http://schemas.microsoft.com/developer/msbuild/2003">
  <ItemGroup>
    <Filter Include="Исходные файлы">
      <UniqueIdentifier>{4FC737F1-C7A5-4376-A066-2A32D752A2FF}</UniqueIdentifier>
      <Extensions>cpp;c;cc;cxx;c++;cppm;ixx;def;odl;idl;hpj;bat;asm;asmx</Extensions>
    </Filter>
    <Filter Include="Файлы заголовков">
      <UniqueIdentifier>{93995380-89BD-4b04-88EB-625FBE52EBFB}</UniqueIdentifier>
      <Extensions>h;hh;hpp;hxx;h++;hm;inl;inc;ipp;xsd</Extensions>
    </Filter>
    <Filter Include="Файлы ресурсов">
      <UniqueIdentifier>{67DA6AB6-F800-4c08-8B7A-83BB121AAD01}</UniqueIdentifier>
      <Extensions>rc;ico;cur;bmp;dlg;rc2;rct;bin;rgs;gif;jpg;jpeg;jpe;resx;tiff;tif;png;wav;mfcribbon-ms</Extensions>
    </Filter>
    <Filter Include="Исходные файлы\Command">
      <UniqueIdentifier>{800265a6-7485-47a7-ba97-c4dc143a0906}</UniqueIdentifier>
    </Filter>
    <Filter Include="Исходные файлы\Inventory">
      <UniqueIdentifier>{156f0843-818f-4399-9d8c-bd47fba9c86d}</UniqueIdentifier>
    </Filter>
    <Filter Include="Исходные файлы\Player">
      <UniqueIdentifier>{8ebaaaac-46d6-41b9-9adf-3c36179481ac}</UniqueIdentifier>
    </Filter>
    <Filter Include="Исходные файлы\Room">
      <UniqueIdentifier>{454f5b62-b1b3-4607-b003-62baf7e68d2f}</UniqueIdentifier>
    </Filter>
    <Filter Include="Исходные файлы\Object">
      <UniqueIdentifier>{b71b313d-e180-404f-9b05-daee0e1e0293}</UniqueIdentifier>
    </Filter>
    <Filter Include="Исходные файлы\Object\Items">
      <UniqueIdentifier>{03c50b70-9c76-4dff-b02e-ed1935a026a3}</UniqueIdentifier>
    </Filter>
    <Filter Include="Исходные файлы\CommandHandler">
      <UniqueIdentifier>{df703ecb-41f0-4782-945c-d91bf75c55e8}</UniqueIdentifier>
    </Filter>
  </ItemGroup>
  <ItemGroup>
    <ClInclude Include="resource.h">
      <Filter>Файлы заголовков</Filter>
    </ClInclude>
    <ClInclude Include="Command.h">
      <Filter>Исходные файлы\Command</Filter>
    </ClInclude>
    <ClInclude Include="Item.h">
      <Filter>Исходные файлы\Object</Filter>
    </ClInclude>
    <ClInclude Include="InspectCommand.h">
      <Filter>Исходные файлы\Command</Filter>
    </ClInclude>
    <ClInclude Include="Player.h">
      <Filter>Исходные файлы\Player</Filter>
    </ClInclude>
    <ClInclude Include="Room.h">
      <Filter>Исходные файлы\Room</Filter>
    </ClInclude>
    <ClInclude Include="Object.h">
      <Filter>Исходные файлы\Object</Filter>
    </ClInclude>
    <ClInclude Include="UseCommand.h">
      <Filter>Исходные файлы\Command</Filter>
    </ClInclude>
    <ClInclude Include="CoinItem.h">
      <Filter>Исходные файлы\Object\Items</Filter>
    </ClInclude>
    <ClInclude Include="TakeCommand.h">
      <Filter>Исходные файлы\Command</Filter>
    </ClInclude>
    <ClInclude Include="DropCommand.h">
      <Filter>Исходные файлы\Command</Filter>
    </ClInclude>
    <ClInclude Include="InventoryCommand.h">
      <Filter>Исходные файлы\Command</Filter>
    </ClInclude>
    <ClInclude Include="GoCommand.h">
      <Filter>Исходные файлы\Command</Filter>
    </ClInclude>
    <ClInclude Include="CommandHandler.h">
      <Filter>Исходные файлы\CommandHandler</Filter>
    </ClInclude>
    <ClInclude Include="ScrewdriverItem.h">
      <Filter>Исходные файлы\Object\Items</Filter>
    </ClInclude>
    <ClInclude Include="YarnItem.h">
      <Filter>Исходные файлы\Object\Items</Filter>
    </ClInclude>
    <ClInclude Include="SockItem.h">
      <Filter>Исходные файлы\Object\Items</Filter>
    </ClInclude>
    <ClInclude Include="FlashlightItem.h">
      <Filter>Исходные файлы\Object\Items</Filter>
    </ClInclude>
    <ClInclude Include="HelpCommand.h">
      <Filter>Исходные файлы\Command</Filter>
    </ClInclude>
  </ItemGroup>
  <ItemGroup>
    <ClCompile Include="test.cpp">
      <Filter>Исходные файлы</Filter>
    </ClCompile>
    <ClCompile Include="Command.cpp">
      <Filter>Исходные файлы\Command</Filter>
    </ClCompile>
    <ClCompile Include="Inventory.h">
      <Filter>Исходные файлы\Inventory</Filter>
    </ClCompile>
    <ClCompile Include="Inventory.cpp">
      <Filter>Исходные файлы\Inventory</Filter>
    </ClCompile>
    <ClCompile Include="InspectCommand.cpp">
      <Filter>Исходные файлы\Command</Filter>
    </ClCompile>
    <ClCompile Include="Player.cpp">
      <Filter>Исходные файлы\Player</Filter>
    </ClCompile>
    <ClCompile Include="Item.cpp">
      <Filter>Исходные файлы\Object</Filter>
    </ClCompile>
    <ClCompile Include="Room.cpp">
      <Filter>Исходные файлы\Room</Filter>
    </ClCompile>
    <ClCompile Include="Object.cpp">
      <Filter>Исходные файлы\Object</Filter>
    </ClCompile>
    <ClCompile Include="UseCommand.cpp">
      <Filter>Исходные файлы\Command</Filter>
    </ClCompile>
    <ClCompile Include="CoinItem.cpp">
      <Filter>Исходные файлы\Object\Items</Filter>
    </ClCompile>
    <ClCompile Include="TakeCommand.cpp">
      <Filter>Исходные файлы\Command</Filter>
    </ClCompile>
    <ClCompile Include="DropCommand.cpp">
      <Filter>Исходные файлы\Command</Filter>
    </ClCompile>
    <ClCompile Include="InventoryCommand.cpp">
      <Filter>Исходные файлы\Command</Filter>
    </ClCompile>
    <ClCompile Include="GoCommand.cpp">
      <Filter>Исходные файлы\Command</Filter>
    </ClCompile>
    <ClCompile Include="CommandHandler.cpp">
      <Filter>Исходные файлы\CommandHandler</Filter>
    </ClCompile>
    <ClCompile Include="ScrewdriverItem.cpp">
      <Filter>Исходные файлы\Object\Items</Filter>
    </ClCompile>
    <ClCompile Include="YarnItem.cpp">
      <Filter>Исходные файлы\Object\Items</Filter>
    </ClCompile>
    <ClCompile Include="SockItem.cpp">
      <Filter>Исходные файлы\Object\Items</Filter>
    </ClCompile>
    <ClCompile Include="FlashlightItem.cpp">
      <Filter>Исходные файлы\Object\Items</Filter>
    </ClCompile>
    <ClCompile Include="HelpCommand.cpp">
      <Filter>Исходные файлы\Command</Filter>
    </ClCompile>
    <ClCompile Include="main.cpp">
      <Filter>Исходные файлы</Filter>
    </ClCompile>
  </ItemGroup>
</Project>